{
    "version": 3,
    "terraform_version": "0.11.8",
    "serial": 34,
    "lineage": "b398e92e-e657-482f-3372-b0e5a4117436",
    "modules": [
        {
            "path": [
                "root"
            ],
            "outputs": {},
            "resources": {
                "aws_eip.MyElasticIP": {
                    "type": "aws_eip",
                    "depends_on": [
                        "aws_instance.my-test-instance"
                    ],
                    "primary": {
                        "id": "eipalloc-054ebc3669c55bc79",
                        "attributes": {
                            "association_id": "eipassoc-06f7296431690dd06",
                            "domain": "vpc",
                            "id": "eipalloc-054ebc3669c55bc79",
                            "instance": "i-0b474ce5e7c706b49",
                            "network_interface": "eni-00f2a683bf3eccd57",
                            "private_ip": "172.31.46.104",
                            "public_ip": "18.223.154.85",
                            "tags.%": "0",
                            "vpc": "true"
                        },
                        "meta": {
                            "e2bfb730-ecaa-11e6-8f88-34363bc7c4c0": {
                                "delete": 180000000000,
                                "read": 900000000000,
                                "update": 300000000000
                            }
                        },
                        "tainted": false
                    },
                    "deposed": [],
                    "provider": "provider.aws"
                },
                "aws_instance.my-test-instance": {
                    "type": "aws_instance",
                    "depends_on": [
                        "aws_security_group.MySecurityGroup",
                        "data.aws_ami.ubuntu"
                    ],
                    "primary": {
                        "id": "i-0b474ce5e7c706b49",
                        "attributes": {
                            "ami": "ami-0552e3455b9bc8d50",
                            "arn": "arn:aws:ec2:us-east-2:217511454207:instance/i-0b474ce5e7c706b49",
                            "associate_public_ip_address": "true",
                            "availability_zone": "us-east-2c",
                            "cpu_core_count": "1",
                            "cpu_threads_per_core": "1",
                            "credit_specification.#": "1",
                            "credit_specification.0.cpu_credits": "standard",
                            "disable_api_termination": "false",
                            "ebs_block_device.#": "0",
                            "ebs_optimized": "false",
                            "ephemeral_block_device.#": "0",
                            "get_password_data": "false",
                            "iam_instance_profile": "",
                            "id": "i-0b474ce5e7c706b49",
                            "instance_state": "running",
                            "instance_type": "t2.micro",
                            "ipv6_addresses.#": "0",
                            "key_name": "deployer-key",
                            "monitoring": "false",
                            "network_interface.#": "0",
                            "network_interface_id": "eni-00f2a683bf3eccd57",
                            "password_data": "",
                            "placement_group": "",
                            "primary_network_interface_id": "eni-00f2a683bf3eccd57",
                            "private_dns": "ip-172-31-46-104.us-east-2.compute.internal",
                            "private_ip": "172.31.46.104",
                            "public_dns": "ec2-18-223-149-93.us-east-2.compute.amazonaws.com",
                            "public_ip": "18.223.149.93",
                            "root_block_device.#": "1",
                            "root_block_device.0.delete_on_termination": "true",
                            "root_block_device.0.iops": "100",
                            "root_block_device.0.volume_id": "vol-049c40d7aca2de6ef",
                            "root_block_device.0.volume_size": "8",
                            "root_block_device.0.volume_type": "gp2",
                            "security_groups.#": "1",
                            "security_groups.924900607": "MySecurityGroup",
                            "source_dest_check": "true",
                            "subnet_id": "subnet-1e27dc52",
                            "tags.%": "1",
                            "tags.Name": "test-instance",
                            "tenancy": "default",
                            "volume_tags.%": "0",
                            "vpc_security_group_ids.#": "1",
                            "vpc_security_group_ids.3541258786": "sg-06a470948003aa858"
                        },
                        "meta": {
                            "e2bfb730-ecaa-11e6-8f88-34363bc7c4c0": {
                                "create": 600000000000,
                                "delete": 1200000000000,
                                "update": 600000000000
                            },
                            "schema_version": "1"
                        },
                        "tainted": false
                    },
                    "deposed": [],
                    "provider": "provider.aws"
                },
                "aws_key_pair.deployer": {
                    "type": "aws_key_pair",
                    "depends_on": [],
                    "primary": {
                        "id": "deployer-key",
                        "attributes": {
                            "id": "deployer-key",
                            "key_name": "deployer-key",
                            "public_key": "ssh-rsa AAAAB3NzaC1yc2EAAAABJQAAAQEAsyzOfbdnvOMjHpqPdZPBMhpiz2+INpUjpXbWWRba4U/0sDCfwrmGqGfDif34jCeEmEd7qGpt27z1T31sfDTsyTeppn/flfnkrQUeuAqiAo052KWGrhIRMK5O/J/pOe2rVB1NrC7yVPi9yoGo/xjlvzs4f5l9WghCPEhGQxhuchWm1zPy6RjcVttskYZDXjEr94YHYVt5/GHM7KcDoDTRz6mhjv4KzkdLdoiZbbx0ROEjagYsJbspC3C0UeKuHld9tzGbOvqTTWsyBcqgTZdrDAa2gOZGElzL9C/0Sd+RDmXc4P0D7uMVohRcgWvDERQfkXw1X1WLzcIwfFwtFuZoLw== rsa-key-20180830"
                        },
                        "meta": {
                            "schema_version": "1"
                        },
                        "tainted": false
                    },
                    "deposed": [],
                    "provider": "provider.aws"
                },
                "aws_security_group.MySecurityGroup": {
                    "type": "aws_security_group",
                    "depends_on": [],
                    "primary": {
                        "id": "sg-06a470948003aa858",
                        "attributes": {
                            "arn": "arn:aws:ec2:us-east-2:217511454207:security-group/sg-06a470948003aa858",
                            "description": "MySecurityGroup Used in the terraform",
                            "egress.#": "1",
                            "egress.482069346.cidr_blocks.#": "1",
                            "egress.482069346.cidr_blocks.0": "0.0.0.0/0",
                            "egress.482069346.description": "",
                            "egress.482069346.from_port": "0",
                            "egress.482069346.ipv6_cidr_blocks.#": "0",
                            "egress.482069346.prefix_list_ids.#": "0",
                            "egress.482069346.protocol": "-1",
                            "egress.482069346.security_groups.#": "0",
                            "egress.482069346.self": "false",
                            "egress.482069346.to_port": "0",
                            "id": "sg-06a470948003aa858",
                            "ingress.#": "3",
                            "ingress.2214680975.cidr_blocks.#": "1",
                            "ingress.2214680975.cidr_blocks.0": "0.0.0.0/0",
                            "ingress.2214680975.description": "",
                            "ingress.2214680975.from_port": "80",
                            "ingress.2214680975.ipv6_cidr_blocks.#": "0",
                            "ingress.2214680975.protocol": "tcp",
                            "ingress.2214680975.security_groups.#": "0",
                            "ingress.2214680975.self": "false",
                            "ingress.2214680975.to_port": "80",
                            "ingress.2541437006.cidr_blocks.#": "1",
                            "ingress.2541437006.cidr_blocks.0": "0.0.0.0/0",
                            "ingress.2541437006.description": "",
                            "ingress.2541437006.from_port": "22",
                            "ingress.2541437006.ipv6_cidr_blocks.#": "0",
                            "ingress.2541437006.protocol": "tcp",
                            "ingress.2541437006.security_groups.#": "0",
                            "ingress.2541437006.self": "false",
                            "ingress.2541437006.to_port": "22",
                            "ingress.2617001939.cidr_blocks.#": "1",
                            "ingress.2617001939.cidr_blocks.0": "0.0.0.0/0",
                            "ingress.2617001939.description": "",
                            "ingress.2617001939.from_port": "443",
                            "ingress.2617001939.ipv6_cidr_blocks.#": "0",
                            "ingress.2617001939.protocol": "tcp",
                            "ingress.2617001939.security_groups.#": "0",
                            "ingress.2617001939.self": "false",
                            "ingress.2617001939.to_port": "443",
                            "name": "MySecurityGroup",
                            "owner_id": "217511454207",
                            "revoke_rules_on_delete": "false",
                            "tags.%": "0",
                            "vpc_id": "vpc-bbcbf9d3"
                        },
                        "meta": {
                            "e2bfb730-ecaa-11e6-8f88-34363bc7c4c0": {
                                "create": 600000000000,
                                "delete": 600000000000
                            },
                            "schema_version": "1"
                        },
                        "tainted": false
                    },
                    "deposed": [],
                    "provider": "provider.aws"
                },
                "data.aws_ami.ubuntu": {
                    "type": "aws_ami",
                    "depends_on": [],
                    "primary": {
                        "id": "ami-0552e3455b9bc8d50",
                        "attributes": {
                            "architecture": "x86_64",
                            "block_device_mappings.#": "3",
                            "block_device_mappings.1634610537.device_name": "/dev/sdb",
                            "block_device_mappings.1634610537.ebs.%": "0",
                            "block_device_mappings.1634610537.no_device": "",
                            "block_device_mappings.1634610537.virtual_name": "ephemeral0",
                            "block_device_mappings.2547816212.device_name": "/dev/sda1",
                            "block_device_mappings.2547816212.ebs.%": "6",
                            "block_device_mappings.2547816212.ebs.delete_on_termination": "true",
                            "block_device_mappings.2547816212.ebs.encrypted": "false",
                            "block_device_mappings.2547816212.ebs.iops": "0",
                            "block_device_mappings.2547816212.ebs.snapshot_id": "snap-06d25ccb4cede1956",
                            "block_device_mappings.2547816212.ebs.volume_size": "8",
                            "block_device_mappings.2547816212.ebs.volume_type": "gp2",
                            "block_device_mappings.2547816212.no_device": "",
                            "block_device_mappings.2547816212.virtual_name": "",
                            "block_device_mappings.3850042718.device_name": "/dev/sdc",
                            "block_device_mappings.3850042718.ebs.%": "0",
                            "block_device_mappings.3850042718.no_device": "",
                            "block_device_mappings.3850042718.virtual_name": "ephemeral1",
                            "creation_date": "2018-08-15T12:39:03.000Z",
                            "description": "Canonical, Ubuntu, 16.04 LTS, amd64 xenial image build on 2018-08-14",
                            "filter.#": "2",
                            "filter.1585153008.name": "name",
                            "filter.1585153008.values.#": "1",
                            "filter.1585153008.values.0": "ubuntu/images/hvm-ssd/ubuntu-xenial-16.04-amd64-server-*",
                            "filter.490168357.name": "virtualization-type",
                            "filter.490168357.values.#": "1",
                            "filter.490168357.values.0": "hvm",
                            "hypervisor": "xen",
                            "id": "ami-0552e3455b9bc8d50",
                            "image_id": "ami-0552e3455b9bc8d50",
                            "image_location": "099720109477/ubuntu/images/hvm-ssd/ubuntu-xenial-16.04-amd64-server-20180814",
                            "image_type": "machine",
                            "most_recent": "true",
                            "name": "ubuntu/images/hvm-ssd/ubuntu-xenial-16.04-amd64-server-20180814",
                            "owner_id": "099720109477",
                            "owners.#": "1",
                            "owners.0": "099720109477",
                            "product_codes.#": "0",
                            "public": "true",
                            "root_device_name": "/dev/sda1",
                            "root_device_type": "ebs",
                            "root_snapshot_id": "snap-06d25ccb4cede1956",
                            "sriov_net_support": "simple",
                            "state": "available",
                            "state_reason.%": "2",
                            "state_reason.code": "UNSET",
                            "state_reason.message": "UNSET",
                            "tags.%": "0",
                            "virtualization_type": "hvm"
                        },
                        "meta": {},
                        "tainted": false
                    },
                    "deposed": [],
                    "provider": "provider.aws"
                }
            },
            "depends_on": []
        }
    ]
}
